
Microsoft Visual Studio Solution File, Format Version 12.00
# Visual Studio Version 16
VisualStudioVersion = 16.0.29806.167
MinimumVisualStudioVersion = 10.0.40219.1
Project("{9A19103F-16F7-4668-BE54-9A1E7A4F7556}") = "FBase.Foundations", "FBase.Foundations\FBase.Foundations.csproj", "{2C952ECD-7B45-4A21-AE65-5AD31EFF2300}"
EndProject
Project("{2150E333-8FDC-42A3-9474-1A3956D46DE8}") = "Tests", "Tests", "{D8AC5291-AAE6-4C1E-BB4E-B145E4EE3BF6}"
EndProject
Project("{FAE04EC0-301F-11D3-BF4B-00C04F79EFBC}") = "FBaseTest.Net45x", "FBaseTest.Net45x\FBaseTest.Net45x.csproj", "{2F4702B6-8357-4612-B695-CE2F2F451120}"
EndProject
Project("{9A19103F-16F7-4668-BE54-9A1E7A4F7556}") = "FBaseTest.NetCore", "FBaseTest.NetCore\FBaseTest.NetCore.csproj", "{50318DD9-A2D5-4DD5-A4FA-E41B67589F4C}"
EndProject
Project("{9A19103F-16F7-4668-BE54-9A1E7A4F7556}") = "FBase.DotNetCore.EntityFramework", "FBase.DotNetCore.EntityFramework\FBase.DotNetCore.EntityFramework.csproj", "{2BAA5CA4-F9AA-4C6B-A9E0-093944FBA321}"
EndProject
Project("{FAE04EC0-301F-11D3-BF4B-00C04F79EFBC}") = "FBase.DotNet.EntityFramework", "FBase.DotNet.EntityFramework\FBase.DotNet.EntityFramework.csproj", "{BC0E0C78-43E9-4637-B44A-EB390D3B6450}"
EndProject
Project("{9A19103F-16F7-4668-BE54-9A1E7A4F7556}") = "MyStuff", "MyStuff\MyStuff.csproj", "{465F6025-7587-4434-A93F-3A6951B07D0D}"
EndProject
Project("{9A19103F-16F7-4668-BE54-9A1E7A4F7556}") = "MyStuff.DotNetCore.EntityFramework", "MyStuff.DotNetCore.EntityFramework\MyStuff.DotNetCore.EntityFramework.csproj", "{252F9722-8B58-4814-9790-34BB72D6AA47}"
EndProject
Project("{9A19103F-16F7-4668-BE54-9A1E7A4F7556}") = "MyStuff.DotNetCore.DevDeploy", "MyStuff.DotNetCore.DevDeploy\MyStuff.DotNetCore.DevDeploy.csproj", "{0CEB7C9D-DF48-4DF1-BD91-C9E4BCA1B399}"
EndProject
Project("{9A19103F-16F7-4668-BE54-9A1E7A4F7556}") = "MyStuff.DotNetCore.Server", "MyStuff.DotNetCore.Server\MyStuff.DotNetCore.Server.csproj", "{B790468E-1BDD-43B5-B5DC-6A5AD054F1C7}"
EndProject
Project("{FAE04EC0-301F-11D3-BF4B-00C04F79EFBC}") = "MyStuff.DotNet.EntityFramework", "MyStuff.DotNet.EntityFramework\MyStuff.DotNet.EntityFramework.csproj", "{C7A3392A-CEFA-43D6-9862-AC42835D0337}"
EndProject
Project("{FAE04EC0-301F-11D3-BF4B-00C04F79EFBC}") = "MyStuff.DotNet.DevDeploy", "MyStuff.DotNet.DevDeploy\MyStuff.DotNet.DevDeploy.csproj", "{94FFF521-6380-4192-A338-F17D8B20F12B}"
EndProject
Project("{FAE04EC0-301F-11D3-BF4B-00C04F79EFBC}") = "MyStuff.DotNet.Server", "MyStuff.DotNet.Server\MyStuff.DotNet.Server.csproj", "{905E5FFA-2BE5-4259-87CE-A0FD7A5658FA}"
EndProject
Project("{FAE04EC0-301F-11D3-BF4B-00C04F79EFBC}") = "NetFramework.StarterWebApi", "NetFramework.StarterWebApi\NetFramework.StarterWebApi.csproj", "{B19709C6-A226-4178-A03C-283B5B26F8F8}"
EndProject
Project("{9A19103F-16F7-4668-BE54-9A1E7A4F7556}") = "FBase.ApiClient", "FBase.ApiClient\FBase.ApiClient.csproj", "{FA9B5ECF-2198-421F-99C4-13D65659AEDC}"
EndProject
Project("{9A19103F-16F7-4668-BE54-9A1E7A4F7556}") = "FBase.ApiServer", "FBase.ApiServer\FBase.ApiServer.csproj", "{E68883A4-9079-4272-A114-8AF89EC1E72E}"
EndProject
Project("{9A19103F-16F7-4668-BE54-9A1E7A4F7556}") = "FBase.Cryptography", "FBase.Cryptography\FBase.Cryptography.csproj", "{A6A6046E-D879-4464-A469-126DE6167BBA}"
EndProject
Project("{FAE04EC0-301F-11D3-BF4B-00C04F79EFBC}") = "ApiServerLibraryTest", "ApiServerLibraryTest\ApiServerLibraryTest.csproj", "{D4C74E5F-2D97-472C-AC6B-84D0E74E9678}"
EndProject
Global
	GlobalSection(SolutionConfigurationPlatforms) = preSolution
		Debug|Any CPU = Debug|Any CPU
		Release|Any CPU = Release|Any CPU
	EndGlobalSection
	GlobalSection(ProjectConfigurationPlatforms) = postSolution
		{2C952ECD-7B45-4A21-AE65-5AD31EFF2300}.Debug|Any CPU.ActiveCfg = Debug|Any CPU
		{2C952ECD-7B45-4A21-AE65-5AD31EFF2300}.Debug|Any CPU.Build.0 = Debug|Any CPU
		{2C952ECD-7B45-4A21-AE65-5AD31EFF2300}.Release|Any CPU.ActiveCfg = Release|Any CPU
		{2C952ECD-7B45-4A21-AE65-5AD31EFF2300}.Release|Any CPU.Build.0 = Release|Any CPU
		{2F4702B6-8357-4612-B695-CE2F2F451120}.Debug|Any CPU.ActiveCfg = Debug|Any CPU
		{2F4702B6-8357-4612-B695-CE2F2F451120}.Debug|Any CPU.Build.0 = Debug|Any CPU
		{2F4702B6-8357-4612-B695-CE2F2F451120}.Release|Any CPU.ActiveCfg = Release|Any CPU
		{2F4702B6-8357-4612-B695-CE2F2F451120}.Release|Any CPU.Build.0 = Release|Any CPU
		{50318DD9-A2D5-4DD5-A4FA-E41B67589F4C}.Debug|Any CPU.ActiveCfg = Debug|Any CPU
		{50318DD9-A2D5-4DD5-A4FA-E41B67589F4C}.Debug|Any CPU.Build.0 = Debug|Any CPU
		{50318DD9-A2D5-4DD5-A4FA-E41B67589F4C}.Release|Any CPU.ActiveCfg = Release|Any CPU
		{50318DD9-A2D5-4DD5-A4FA-E41B67589F4C}.Release|Any CPU.Build.0 = Release|Any CPU
		{2BAA5CA4-F9AA-4C6B-A9E0-093944FBA321}.Debug|Any CPU.ActiveCfg = Debug|Any CPU
		{2BAA5CA4-F9AA-4C6B-A9E0-093944FBA321}.Debug|Any CPU.Build.0 = Debug|Any CPU
		{2BAA5CA4-F9AA-4C6B-A9E0-093944FBA321}.Release|Any CPU.ActiveCfg = Release|Any CPU
		{2BAA5CA4-F9AA-4C6B-A9E0-093944FBA321}.Release|Any CPU.Build.0 = Release|Any CPU
		{BC0E0C78-43E9-4637-B44A-EB390D3B6450}.Debug|Any CPU.ActiveCfg = Debug|Any CPU
		{BC0E0C78-43E9-4637-B44A-EB390D3B6450}.Debug|Any CPU.Build.0 = Debug|Any CPU
		{BC0E0C78-43E9-4637-B44A-EB390D3B6450}.Release|Any CPU.ActiveCfg = Release|Any CPU
		{BC0E0C78-43E9-4637-B44A-EB390D3B6450}.Release|Any CPU.Build.0 = Release|Any CPU
		{465F6025-7587-4434-A93F-3A6951B07D0D}.Debug|Any CPU.ActiveCfg = Debug|Any CPU
		{465F6025-7587-4434-A93F-3A6951B07D0D}.Debug|Any CPU.Build.0 = Debug|Any CPU
		{465F6025-7587-4434-A93F-3A6951B07D0D}.Release|Any CPU.ActiveCfg = Release|Any CPU
		{465F6025-7587-4434-A93F-3A6951B07D0D}.Release|Any CPU.Build.0 = Release|Any CPU
		{252F9722-8B58-4814-9790-34BB72D6AA47}.Debug|Any CPU.ActiveCfg = Debug|Any CPU
		{252F9722-8B58-4814-9790-34BB72D6AA47}.Debug|Any CPU.Build.0 = Debug|Any CPU
		{252F9722-8B58-4814-9790-34BB72D6AA47}.Release|Any CPU.ActiveCfg = Release|Any CPU
		{252F9722-8B58-4814-9790-34BB72D6AA47}.Release|Any CPU.Build.0 = Release|Any CPU
		{0CEB7C9D-DF48-4DF1-BD91-C9E4BCA1B399}.Debug|Any CPU.ActiveCfg = Debug|Any CPU
		{0CEB7C9D-DF48-4DF1-BD91-C9E4BCA1B399}.Debug|Any CPU.Build.0 = Debug|Any CPU
		{0CEB7C9D-DF48-4DF1-BD91-C9E4BCA1B399}.Release|Any CPU.ActiveCfg = Release|Any CPU
		{0CEB7C9D-DF48-4DF1-BD91-C9E4BCA1B399}.Release|Any CPU.Build.0 = Release|Any CPU
		{B790468E-1BDD-43B5-B5DC-6A5AD054F1C7}.Debug|Any CPU.ActiveCfg = Debug|Any CPU
		{B790468E-1BDD-43B5-B5DC-6A5AD054F1C7}.Debug|Any CPU.Build.0 = Debug|Any CPU
		{B790468E-1BDD-43B5-B5DC-6A5AD054F1C7}.Release|Any CPU.ActiveCfg = Release|Any CPU
		{B790468E-1BDD-43B5-B5DC-6A5AD054F1C7}.Release|Any CPU.Build.0 = Release|Any CPU
		{C7A3392A-CEFA-43D6-9862-AC42835D0337}.Debug|Any CPU.ActiveCfg = Debug|Any CPU
		{C7A3392A-CEFA-43D6-9862-AC42835D0337}.Debug|Any CPU.Build.0 = Debug|Any CPU
		{C7A3392A-CEFA-43D6-9862-AC42835D0337}.Release|Any CPU.ActiveCfg = Release|Any CPU
		{C7A3392A-CEFA-43D6-9862-AC42835D0337}.Release|Any CPU.Build.0 = Release|Any CPU
		{94FFF521-6380-4192-A338-F17D8B20F12B}.Debug|Any CPU.ActiveCfg = Debug|Any CPU
		{94FFF521-6380-4192-A338-F17D8B20F12B}.Debug|Any CPU.Build.0 = Debug|Any CPU
		{94FFF521-6380-4192-A338-F17D8B20F12B}.Release|Any CPU.ActiveCfg = Release|Any CPU
		{94FFF521-6380-4192-A338-F17D8B20F12B}.Release|Any CPU.Build.0 = Release|Any CPU
		{905E5FFA-2BE5-4259-87CE-A0FD7A5658FA}.Debug|Any CPU.ActiveCfg = Debug|Any CPU
		{905E5FFA-2BE5-4259-87CE-A0FD7A5658FA}.Debug|Any CPU.Build.0 = Debug|Any CPU
		{905E5FFA-2BE5-4259-87CE-A0FD7A5658FA}.Release|Any CPU.ActiveCfg = Release|Any CPU
		{905E5FFA-2BE5-4259-87CE-A0FD7A5658FA}.Release|Any CPU.Build.0 = Release|Any CPU
		{B19709C6-A226-4178-A03C-283B5B26F8F8}.Debug|Any CPU.ActiveCfg = Debug|Any CPU
		{B19709C6-A226-4178-A03C-283B5B26F8F8}.Debug|Any CPU.Build.0 = Debug|Any CPU
		{B19709C6-A226-4178-A03C-283B5B26F8F8}.Release|Any CPU.ActiveCfg = Release|Any CPU
		{B19709C6-A226-4178-A03C-283B5B26F8F8}.Release|Any CPU.Build.0 = Release|Any CPU
		{FA9B5ECF-2198-421F-99C4-13D65659AEDC}.Debug|Any CPU.ActiveCfg = Debug|Any CPU
		{FA9B5ECF-2198-421F-99C4-13D65659AEDC}.Debug|Any CPU.Build.0 = Debug|Any CPU
		{FA9B5ECF-2198-421F-99C4-13D65659AEDC}.Release|Any CPU.ActiveCfg = Release|Any CPU
		{FA9B5ECF-2198-421F-99C4-13D65659AEDC}.Release|Any CPU.Build.0 = Release|Any CPU
		{E68883A4-9079-4272-A114-8AF89EC1E72E}.Debug|Any CPU.ActiveCfg = Debug|Any CPU
		{E68883A4-9079-4272-A114-8AF89EC1E72E}.Debug|Any CPU.Build.0 = Debug|Any CPU
		{E68883A4-9079-4272-A114-8AF89EC1E72E}.Release|Any CPU.ActiveCfg = Release|Any CPU
		{E68883A4-9079-4272-A114-8AF89EC1E72E}.Release|Any CPU.Build.0 = Release|Any CPU
		{A6A6046E-D879-4464-A469-126DE6167BBA}.Debug|Any CPU.ActiveCfg = Debug|Any CPU
		{A6A6046E-D879-4464-A469-126DE6167BBA}.Debug|Any CPU.Build.0 = Debug|Any CPU
		{A6A6046E-D879-4464-A469-126DE6167BBA}.Release|Any CPU.ActiveCfg = Release|Any CPU
		{A6A6046E-D879-4464-A469-126DE6167BBA}.Release|Any CPU.Build.0 = Release|Any CPU
		{D4C74E5F-2D97-472C-AC6B-84D0E74E9678}.Debug|Any CPU.ActiveCfg = Debug|Any CPU
		{D4C74E5F-2D97-472C-AC6B-84D0E74E9678}.Debug|Any CPU.Build.0 = Debug|Any CPU
		{D4C74E5F-2D97-472C-AC6B-84D0E74E9678}.Release|Any CPU.ActiveCfg = Release|Any CPU
		{D4C74E5F-2D97-472C-AC6B-84D0E74E9678}.Release|Any CPU.Build.0 = Release|Any CPU
	EndGlobalSection
	GlobalSection(SolutionProperties) = preSolution
		HideSolutionNode = FALSE
	EndGlobalSection
	GlobalSection(NestedProjects) = preSolution
		{2F4702B6-8357-4612-B695-CE2F2F451120} = {D8AC5291-AAE6-4C1E-BB4E-B145E4EE3BF6}
		{50318DD9-A2D5-4DD5-A4FA-E41B67589F4C} = {D8AC5291-AAE6-4C1E-BB4E-B145E4EE3BF6}
		{465F6025-7587-4434-A93F-3A6951B07D0D} = {D8AC5291-AAE6-4C1E-BB4E-B145E4EE3BF6}
		{252F9722-8B58-4814-9790-34BB72D6AA47} = {D8AC5291-AAE6-4C1E-BB4E-B145E4EE3BF6}
		{0CEB7C9D-DF48-4DF1-BD91-C9E4BCA1B399} = {D8AC5291-AAE6-4C1E-BB4E-B145E4EE3BF6}
		{B790468E-1BDD-43B5-B5DC-6A5AD054F1C7} = {D8AC5291-AAE6-4C1E-BB4E-B145E4EE3BF6}
		{C7A3392A-CEFA-43D6-9862-AC42835D0337} = {D8AC5291-AAE6-4C1E-BB4E-B145E4EE3BF6}
		{94FFF521-6380-4192-A338-F17D8B20F12B} = {D8AC5291-AAE6-4C1E-BB4E-B145E4EE3BF6}
		{905E5FFA-2BE5-4259-87CE-A0FD7A5658FA} = {D8AC5291-AAE6-4C1E-BB4E-B145E4EE3BF6}
		{B19709C6-A226-4178-A03C-283B5B26F8F8} = {D8AC5291-AAE6-4C1E-BB4E-B145E4EE3BF6}
		{D4C74E5F-2D97-472C-AC6B-84D0E74E9678} = {D8AC5291-AAE6-4C1E-BB4E-B145E4EE3BF6}
	EndGlobalSection
	GlobalSection(ExtensibilityGlobals) = postSolution
		SolutionGuid = {50A5632E-0616-4CA4-B647-143D543E3F7C}
	EndGlobalSection
EndGlobal
