
Microsoft Visual Studio Solution File, Format Version 12.00
# Visual Studio Version 17
VisualStudioVersion = 17.0.31903.59
MinimumVisualStudioVersion = 10.0.40219.1
Project("{9A19103F-16F7-4668-BE54-9A1E7A4F7556}") = "FBase.Foundations", "FBase.Foundations\FBase.Foundations.csproj", "{2C952ECD-7B45-4A21-AE65-5AD31EFF2300}"
EndProject
Project("{2150E333-8FDC-42A3-9474-1A3956D46DE8}") = "Tests", "Tests", "{D8AC5291-AAE6-4C1E-BB4E-B145E4EE3BF6}"
EndProject
Project("{FAE04EC0-301F-11D3-BF4B-00C04F79EFBC}") = "FBaseTest.Net45x", "FBaseTest.Net45x\FBaseTest.Net45x.csproj", "{2F4702B6-8357-4612-B695-CE2F2F451120}"
EndProject
Project("{9A19103F-16F7-4668-BE54-9A1E7A4F7556}") = "FBaseTest.NetCore", "FBaseTest.NetCore\FBaseTest.NetCore.csproj", "{50318DD9-A2D5-4DD5-A4FA-E41B67589F4C}"
EndProject
Project("{9A19103F-16F7-4668-BE54-9A1E7A4F7556}") = "FBase.DotNetCore.EntityFramework", "FBase.DotNetCore.EntityFramework\FBase.DotNetCore.EntityFramework.csproj", "{2BAA5CA4-F9AA-4C6B-A9E0-093944FBA321}"
EndProject
Project("{FAE04EC0-301F-11D3-BF4B-00C04F79EFBC}") = "FBase.DotNet.EntityFramework", "FBase.DotNet.EntityFramework\FBase.DotNet.EntityFramework.csproj", "{BC0E0C78-43E9-4637-B44A-EB390D3B6450}"
EndProject
Project("{FAE04EC0-301F-11D3-BF4B-00C04F79EFBC}") = "NetFramework.StarterWebApi", "NetFramework.StarterWebApi\NetFramework.StarterWebApi.csproj", "{B19709C6-A226-4178-A03C-283B5B26F8F8}"
EndProject
Project("{9A19103F-16F7-4668-BE54-9A1E7A4F7556}") = "FBase.ApiClient", "FBase.ApiClient\FBase.ApiClient.csproj", "{FA9B5ECF-2198-421F-99C4-13D65659AEDC}"
EndProject
Project("{9A19103F-16F7-4668-BE54-9A1E7A4F7556}") = "FBase.Cryptography", "FBase.Cryptography\FBase.Cryptography.csproj", "{A6A6046E-D879-4464-A469-126DE6167BBA}"
EndProject
Project("{9A19103F-16F7-4668-BE54-9A1E7A4F7556}") = "FBase.Api", "FBase.Api\FBase.Api.csproj", "{0B3742D9-63C5-490D-AC08-849E80D19B5D}"
EndProject
Project("{9A19103F-16F7-4668-BE54-9A1E7A4F7556}") = "FBase.Api.Server", "FBase.Api.Server\FBase.Api.Server.csproj", "{AB5F5AB5-6237-48F8-AE29-8246CD4EBA1D}"
EndProject
Project("{9A19103F-16F7-4668-BE54-9A1E7A4F7556}") = "FBase.Api.EntityFramework", "FBase.Api.EntityFramework\FBase.Api.EntityFramework.csproj", "{E4DE50EA-1E5F-49FF-86A1-EA983F7D5B87}"
EndProject
Project("{9A19103F-16F7-4668-BE54-9A1E7A4F7556}") = "NetCore6WebApi", "NetCore6WebApi\NetCore6WebApi.csproj", "{8A347CF7-DDBF-4E75-91BA-6D5840164E5C}"
EndProject
Project("{2150E333-8FDC-42A3-9474-1A3956D46DE8}") = "Solution Items", "Solution Items", "{43CF18FC-33E2-4FAA-B732-021168F58AA9}"
	ProjectSection(SolutionItems) = preProject
		.editorconfig = .editorconfig
	EndProjectSection
EndProject
Project("{FAE04EC0-301F-11D3-BF4B-00C04F79EFBC}") = "NetCore6WebApiApiClientTest", "NetCore6WebApiApiClientTest\NetCore6WebApiApiClientTest.csproj", "{D8343984-1178-480B-B79C-2AE413CD8553}"
EndProject
Global
	GlobalSection(SolutionConfigurationPlatforms) = preSolution
		Debug|Any CPU = Debug|Any CPU
		Release|Any CPU = Release|Any CPU
	EndGlobalSection
	GlobalSection(ProjectConfigurationPlatforms) = postSolution
		{2C952ECD-7B45-4A21-AE65-5AD31EFF2300}.Debug|Any CPU.ActiveCfg = Debug|Any CPU
		{2C952ECD-7B45-4A21-AE65-5AD31EFF2300}.Debug|Any CPU.Build.0 = Debug|Any CPU
		{2C952ECD-7B45-4A21-AE65-5AD31EFF2300}.Release|Any CPU.ActiveCfg = Release|Any CPU
		{2C952ECD-7B45-4A21-AE65-5AD31EFF2300}.Release|Any CPU.Build.0 = Release|Any CPU
		{2F4702B6-8357-4612-B695-CE2F2F451120}.Debug|Any CPU.ActiveCfg = Debug|Any CPU
		{2F4702B6-8357-4612-B695-CE2F2F451120}.Debug|Any CPU.Build.0 = Debug|Any CPU
		{2F4702B6-8357-4612-B695-CE2F2F451120}.Release|Any CPU.ActiveCfg = Release|Any CPU
		{2F4702B6-8357-4612-B695-CE2F2F451120}.Release|Any CPU.Build.0 = Release|Any CPU
		{50318DD9-A2D5-4DD5-A4FA-E41B67589F4C}.Debug|Any CPU.ActiveCfg = Debug|Any CPU
		{50318DD9-A2D5-4DD5-A4FA-E41B67589F4C}.Debug|Any CPU.Build.0 = Debug|Any CPU
		{50318DD9-A2D5-4DD5-A4FA-E41B67589F4C}.Release|Any CPU.ActiveCfg = Release|Any CPU
		{50318DD9-A2D5-4DD5-A4FA-E41B67589F4C}.Release|Any CPU.Build.0 = Release|Any CPU
		{2BAA5CA4-F9AA-4C6B-A9E0-093944FBA321}.Debug|Any CPU.ActiveCfg = Debug|Any CPU
		{2BAA5CA4-F9AA-4C6B-A9E0-093944FBA321}.Debug|Any CPU.Build.0 = Debug|Any CPU
		{2BAA5CA4-F9AA-4C6B-A9E0-093944FBA321}.Release|Any CPU.ActiveCfg = Release|Any CPU
		{2BAA5CA4-F9AA-4C6B-A9E0-093944FBA321}.Release|Any CPU.Build.0 = Release|Any CPU
		{BC0E0C78-43E9-4637-B44A-EB390D3B6450}.Debug|Any CPU.ActiveCfg = Debug|Any CPU
		{BC0E0C78-43E9-4637-B44A-EB390D3B6450}.Debug|Any CPU.Build.0 = Debug|Any CPU
		{BC0E0C78-43E9-4637-B44A-EB390D3B6450}.Release|Any CPU.ActiveCfg = Release|Any CPU
		{BC0E0C78-43E9-4637-B44A-EB390D3B6450}.Release|Any CPU.Build.0 = Release|Any CPU
		{B19709C6-A226-4178-A03C-283B5B26F8F8}.Debug|Any CPU.ActiveCfg = Debug|Any CPU
		{B19709C6-A226-4178-A03C-283B5B26F8F8}.Debug|Any CPU.Build.0 = Debug|Any CPU
		{B19709C6-A226-4178-A03C-283B5B26F8F8}.Release|Any CPU.ActiveCfg = Release|Any CPU
		{B19709C6-A226-4178-A03C-283B5B26F8F8}.Release|Any CPU.Build.0 = Release|Any CPU
		{FA9B5ECF-2198-421F-99C4-13D65659AEDC}.Debug|Any CPU.ActiveCfg = Debug|Any CPU
		{FA9B5ECF-2198-421F-99C4-13D65659AEDC}.Debug|Any CPU.Build.0 = Debug|Any CPU
		{FA9B5ECF-2198-421F-99C4-13D65659AEDC}.Release|Any CPU.ActiveCfg = Release|Any CPU
		{FA9B5ECF-2198-421F-99C4-13D65659AEDC}.Release|Any CPU.Build.0 = Release|Any CPU
		{A6A6046E-D879-4464-A469-126DE6167BBA}.Debug|Any CPU.ActiveCfg = Debug|Any CPU
		{A6A6046E-D879-4464-A469-126DE6167BBA}.Debug|Any CPU.Build.0 = Debug|Any CPU
		{A6A6046E-D879-4464-A469-126DE6167BBA}.Release|Any CPU.ActiveCfg = Release|Any CPU
		{A6A6046E-D879-4464-A469-126DE6167BBA}.Release|Any CPU.Build.0 = Release|Any CPU
		{0B3742D9-63C5-490D-AC08-849E80D19B5D}.Debug|Any CPU.ActiveCfg = Debug|Any CPU
		{0B3742D9-63C5-490D-AC08-849E80D19B5D}.Debug|Any CPU.Build.0 = Debug|Any CPU
		{0B3742D9-63C5-490D-AC08-849E80D19B5D}.Release|Any CPU.ActiveCfg = Release|Any CPU
		{0B3742D9-63C5-490D-AC08-849E80D19B5D}.Release|Any CPU.Build.0 = Release|Any CPU
		{AB5F5AB5-6237-48F8-AE29-8246CD4EBA1D}.Debug|Any CPU.ActiveCfg = Debug|Any CPU
		{AB5F5AB5-6237-48F8-AE29-8246CD4EBA1D}.Debug|Any CPU.Build.0 = Debug|Any CPU
		{AB5F5AB5-6237-48F8-AE29-8246CD4EBA1D}.Release|Any CPU.ActiveCfg = Release|Any CPU
		{AB5F5AB5-6237-48F8-AE29-8246CD4EBA1D}.Release|Any CPU.Build.0 = Release|Any CPU
		{E4DE50EA-1E5F-49FF-86A1-EA983F7D5B87}.Debug|Any CPU.ActiveCfg = Debug|Any CPU
		{E4DE50EA-1E5F-49FF-86A1-EA983F7D5B87}.Debug|Any CPU.Build.0 = Debug|Any CPU
		{E4DE50EA-1E5F-49FF-86A1-EA983F7D5B87}.Release|Any CPU.ActiveCfg = Release|Any CPU
		{E4DE50EA-1E5F-49FF-86A1-EA983F7D5B87}.Release|Any CPU.Build.0 = Release|Any CPU
		{8A347CF7-DDBF-4E75-91BA-6D5840164E5C}.Debug|Any CPU.ActiveCfg = Debug|Any CPU
		{8A347CF7-DDBF-4E75-91BA-6D5840164E5C}.Debug|Any CPU.Build.0 = Debug|Any CPU
		{8A347CF7-DDBF-4E75-91BA-6D5840164E5C}.Release|Any CPU.ActiveCfg = Release|Any CPU
		{8A347CF7-DDBF-4E75-91BA-6D5840164E5C}.Release|Any CPU.Build.0 = Release|Any CPU
		{D8343984-1178-480B-B79C-2AE413CD8553}.Debug|Any CPU.ActiveCfg = Debug|Any CPU
		{D8343984-1178-480B-B79C-2AE413CD8553}.Debug|Any CPU.Build.0 = Debug|Any CPU
		{D8343984-1178-480B-B79C-2AE413CD8553}.Release|Any CPU.ActiveCfg = Release|Any CPU
		{D8343984-1178-480B-B79C-2AE413CD8553}.Release|Any CPU.Build.0 = Release|Any CPU
	EndGlobalSection
	GlobalSection(SolutionProperties) = preSolution
		HideSolutionNode = FALSE
	EndGlobalSection
	GlobalSection(NestedProjects) = preSolution
		{2F4702B6-8357-4612-B695-CE2F2F451120} = {D8AC5291-AAE6-4C1E-BB4E-B145E4EE3BF6}
		{50318DD9-A2D5-4DD5-A4FA-E41B67589F4C} = {D8AC5291-AAE6-4C1E-BB4E-B145E4EE3BF6}
		{B19709C6-A226-4178-A03C-283B5B26F8F8} = {D8AC5291-AAE6-4C1E-BB4E-B145E4EE3BF6}
		{8A347CF7-DDBF-4E75-91BA-6D5840164E5C} = {D8AC5291-AAE6-4C1E-BB4E-B145E4EE3BF6}
		{D8343984-1178-480B-B79C-2AE413CD8553} = {D8AC5291-AAE6-4C1E-BB4E-B145E4EE3BF6}
	EndGlobalSection
	GlobalSection(ExtensibilityGlobals) = postSolution
		SolutionGuid = {50A5632E-0616-4CA4-B647-143D543E3F7C}
	EndGlobalSection
EndGlobal
